
Microsoft Visual Studio Solution File, Format Version 12.00
# Visual Studio Version 17
VisualStudioVersion = 17.14.36203.30
MinimumVisualStudioVersion = 10.0.40219.1
Project("{FAE04EC0-301F-11D3-BF4B-00C04F79EFBC}") = "IGift", "IGift\IGift.csproj", "{500D5358-9958-4B41-B347-DA8BF29CC416}"
EndProject
Project("{FAE04EC0-301F-11D3-BF4B-00C04F79EFBC}") = "IGift.Server.SqlServer", "IGift.Server.SqlServer\IGift.Server.SqlServer.csproj", "{072BDBFB-CA5F-4ADB-9EC7-182BD3C0B141}"
EndProject
Project("{2150E333-8FDC-42A3-9474-1A3956D46DE8}") = "Server", "Server", "{02EA681E-C7D8-13C7-8484-4AC65E1B71E8}"
EndProject
Project("{2150E333-8FDC-42A3-9474-1A3956D46DE8}") = "APIs", "APIs", "{9A7BB69D-DD2F-4007-B84C-4DA7FB7BFF94}"
EndProject
Project("{2150E333-8FDC-42A3-9474-1A3956D46DE8}") = "Source", "Source", "{F685ABB1-08F3-4BAF-8104-6BE9181C84E0}"
EndProject
Project("{2150E333-8FDC-42A3-9474-1A3956D46DE8}") = "Core", "Core", "{975EDB0C-6768-48AD-809C-C069216AAC71}"
EndProject
Project("{2150E333-8FDC-42A3-9474-1A3956D46DE8}") = "Infrastructure", "Infrastructure", "{F5EC46E0-2D1F-454F-ACD9-664025486B73}"
EndProject
Project("{2150E333-8FDC-42A3-9474-1A3956D46DE8}") = "Shared", "Shared", "{524DAC0C-DCAA-4AC2-AA8E-1CCCB234FF23}"
EndProject
Project("{2150E333-8FDC-42A3-9474-1A3956D46DE8}") = "Web", "Web", "{6B94F892-3F9A-451C-82DD-245BAE3D3DD4}"
EndProject
Project("{2150E333-8FDC-42A3-9474-1A3956D46DE8}") = "Client", "Client", "{B7D33061-9B6B-4ADA-BCF7-96719A2CB28A}"
EndProject
Project("{FAE04EC0-301F-11D3-BF4B-00C04F79EFBC}") = "IGift.Shared", "IGift.Shared\IGift.Shared.csproj", "{6976C3A9-D188-45AD-80E6-65F9155133C5}"
EndProject
Project("{FAE04EC0-301F-11D3-BF4B-00C04F79EFBC}") = "IGift.Infrastructure", "IGift.Infrastructure\IGift.Infrastructure.csproj", "{D9F2154E-2559-4AEA-A07F-686D321011CC}"
EndProject
Project("{FAE04EC0-301F-11D3-BF4B-00C04F79EFBC}") = "IGift.Domain", "IGift.Domain\IGift.Domain.csproj", "{E20FA430-E0FC-44E3-B090-1FE882A8D277}"
EndProject
Project("{FAE04EC0-301F-11D3-BF4B-00C04F79EFBC}") = "IGift.Application", "IGift.Application\IGift.Application.csproj", "{9BF566D2-63DC-4176-A452-9391D4F06400}"
EndProject
Project("{2150E333-8FDC-42A3-9474-1A3956D46DE8}") = "SQL", "SQL", "{CB69FF0E-CDFF-45BA-B1F9-FC7D218E7513}"
EndProject
Project("{2150E333-8FDC-42A3-9474-1A3956D46DE8}") = "MySql", "MySql", "{3B10144C-8866-4E6B-8705-BA2CE234020C}"
EndProject
Project("{2150E333-8FDC-42A3-9474-1A3956D46DE8}") = "PostgreSql", "PostgreSql", "{1D6F2348-B71B-43DC-A468-0781AD82AB2D}"
EndProject
Project("{2150E333-8FDC-42A3-9474-1A3956D46DE8}") = "SqlServer", "SqlServer", "{9504E429-5C40-41AC-8711-E55B350010E3}"
EndProject
Project("{2150E333-8FDC-42A3-9474-1A3956D46DE8}") = "Oracle", "Oracle", "{0494F8EE-95C5-4F90-9AB7-DBA18A158B24}"
EndProject
Project("{2150E333-8FDC-42A3-9474-1A3956D46DE8}") = "MongoDB", "MongoDB", "{44A40F05-CC25-4FD0-8B8E-44667FCA26EE}"
EndProject
Project("{2150E333-8FDC-42A3-9474-1A3956D46DE8}") = "CosmosDB", "CosmosDB", "{87BA1035-EF5C-45F3-9AF6-C7CA38E11BDD}"
EndProject
Project("{2150E333-8FDC-42A3-9474-1A3956D46DE8}") = "ElasticSearch", "ElasticSearch", "{F8FCDD3A-2B66-4904-AD46-A17DD8194171}"
EndProject
Project("{2150E333-8FDC-42A3-9474-1A3956D46DE8}") = "Application", "Application", "{395A746D-359A-4CF5-B849-CC0D8E69873F}"
EndProject
Project("{2150E333-8FDC-42A3-9474-1A3956D46DE8}") = "SQL", "SQL", "{6F9C817A-0036-4EBD-A381-C90398058B0C}"
EndProject
Project("{2150E333-8FDC-42A3-9474-1A3956D46DE8}") = "Oracle", "Oracle", "{7036CC3F-BD96-440D-97B3-E20D0F4D03CF}"
EndProject
Project("{2150E333-8FDC-42A3-9474-1A3956D46DE8}") = "MySql", "MySql", "{B5643E72-4190-4CBA-B28C-EFFB40E30FE9}"
EndProject
Project("{2150E333-8FDC-42A3-9474-1A3956D46DE8}") = "SqlServer", "SqlServer", "{83929CC3-8D3C-4702-B699-E2036CEB9E24}"
EndProject
Project("{2150E333-8FDC-42A3-9474-1A3956D46DE8}") = "PostgreSql", "PostgreSql", "{9600919A-3E84-4197-A6D9-48E4025A2A21}"
EndProject
Project("{2150E333-8FDC-42A3-9474-1A3956D46DE8}") = "MongoDb", "MongoDb", "{622DAFEB-AE6E-49D7-BF25-A305D257FC29}"
EndProject
Project("{2150E333-8FDC-42A3-9474-1A3956D46DE8}") = "ElasticSearch", "ElasticSearch", "{5B3B5123-460F-4E66-B7DA-308BACBA7C9A}"
EndProject
Project("{2150E333-8FDC-42A3-9474-1A3956D46DE8}") = "CosmosDb", "CosmosDb", "{EAC1CA56-9B2E-49A7-AC16-531C12286058}"
EndProject
Project("{FAE04EC0-301F-11D3-BF4B-00C04F79EFBC}") = "IGift.Server.MongoDb", "IGift.Server.MongoDb\IGift.Server.MongoDb.csproj", "{18B9385B-3EFA-4B05-A203-5D98A859BC5D}"
EndProject
Project("{FAE04EC0-301F-11D3-BF4B-00C04F79EFBC}") = "IGift.Application.MongoDb", "IGift.Application.MongoDb\IGift.Application.MongoDb.csproj", "{1B33AC8C-5AEA-4314-9C8B-189FF53D3C70}"
EndProject
Project("{FAE04EC0-301F-11D3-BF4B-00C04F79EFBC}") = "IGift.Infrastructure.MongoDb", "IGift.Infrastructure.MongoDb\IGift.Infrastructure.MongoDb.csproj", "{13DB7B2A-44BF-4E8F-9EDD-1B837A15326E}"
EndProject
Global
	GlobalSection(SolutionConfigurationPlatforms) = preSolution
		Debug|Any CPU = Debug|Any CPU
		Release|Any CPU = Release|Any CPU
	EndGlobalSection
	GlobalSection(ProjectConfigurationPlatforms) = postSolution
		{500D5358-9958-4B41-B347-DA8BF29CC416}.Debug|Any CPU.ActiveCfg = Debug|Any CPU
		{500D5358-9958-4B41-B347-DA8BF29CC416}.Debug|Any CPU.Build.0 = Debug|Any CPU
		{500D5358-9958-4B41-B347-DA8BF29CC416}.Release|Any CPU.ActiveCfg = Release|Any CPU
		{500D5358-9958-4B41-B347-DA8BF29CC416}.Release|Any CPU.Build.0 = Release|Any CPU
		{072BDBFB-CA5F-4ADB-9EC7-182BD3C0B141}.Debug|Any CPU.ActiveCfg = Debug|Any CPU
		{072BDBFB-CA5F-4ADB-9EC7-182BD3C0B141}.Debug|Any CPU.Build.0 = Debug|Any CPU
		{072BDBFB-CA5F-4ADB-9EC7-182BD3C0B141}.Release|Any CPU.ActiveCfg = Release|Any CPU
		{072BDBFB-CA5F-4ADB-9EC7-182BD3C0B141}.Release|Any CPU.Build.0 = Release|Any CPU
		{6976C3A9-D188-45AD-80E6-65F9155133C5}.Debug|Any CPU.ActiveCfg = Debug|Any CPU
		{6976C3A9-D188-45AD-80E6-65F9155133C5}.Debug|Any CPU.Build.0 = Debug|Any CPU
		{6976C3A9-D188-45AD-80E6-65F9155133C5}.Release|Any CPU.ActiveCfg = Release|Any CPU
		{6976C3A9-D188-45AD-80E6-65F9155133C5}.Release|Any CPU.Build.0 = Release|Any CPU
		{D9F2154E-2559-4AEA-A07F-686D321011CC}.Debug|Any CPU.ActiveCfg = Debug|Any CPU
		{D9F2154E-2559-4AEA-A07F-686D321011CC}.Debug|Any CPU.Build.0 = Debug|Any CPU
		{D9F2154E-2559-4AEA-A07F-686D321011CC}.Release|Any CPU.ActiveCfg = Release|Any CPU
		{D9F2154E-2559-4AEA-A07F-686D321011CC}.Release|Any CPU.Build.0 = Release|Any CPU
		{E20FA430-E0FC-44E3-B090-1FE882A8D277}.Debug|Any CPU.ActiveCfg = Debug|Any CPU
		{E20FA430-E0FC-44E3-B090-1FE882A8D277}.Debug|Any CPU.Build.0 = Debug|Any CPU
		{E20FA430-E0FC-44E3-B090-1FE882A8D277}.Release|Any CPU.ActiveCfg = Release|Any CPU
		{E20FA430-E0FC-44E3-B090-1FE882A8D277}.Release|Any CPU.Build.0 = Release|Any CPU
		{9BF566D2-63DC-4176-A452-9391D4F06400}.Debug|Any CPU.ActiveCfg = Debug|Any CPU
		{9BF566D2-63DC-4176-A452-9391D4F06400}.Debug|Any CPU.Build.0 = Debug|Any CPU
		{9BF566D2-63DC-4176-A452-9391D4F06400}.Release|Any CPU.ActiveCfg = Release|Any CPU
		{9BF566D2-63DC-4176-A452-9391D4F06400}.Release|Any CPU.Build.0 = Release|Any CPU
		{18B9385B-3EFA-4B05-A203-5D98A859BC5D}.Debug|Any CPU.ActiveCfg = Debug|Any CPU
		{18B9385B-3EFA-4B05-A203-5D98A859BC5D}.Debug|Any CPU.Build.0 = Debug|Any CPU
		{18B9385B-3EFA-4B05-A203-5D98A859BC5D}.Release|Any CPU.ActiveCfg = Release|Any CPU
		{18B9385B-3EFA-4B05-A203-5D98A859BC5D}.Release|Any CPU.Build.0 = Release|Any CPU
		{1B33AC8C-5AEA-4314-9C8B-189FF53D3C70}.Debug|Any CPU.ActiveCfg = Debug|Any CPU
		{1B33AC8C-5AEA-4314-9C8B-189FF53D3C70}.Debug|Any CPU.Build.0 = Debug|Any CPU
		{1B33AC8C-5AEA-4314-9C8B-189FF53D3C70}.Release|Any CPU.ActiveCfg = Release|Any CPU
		{1B33AC8C-5AEA-4314-9C8B-189FF53D3C70}.Release|Any CPU.Build.0 = Release|Any CPU
		{13DB7B2A-44BF-4E8F-9EDD-1B837A15326E}.Debug|Any CPU.ActiveCfg = Debug|Any CPU
		{13DB7B2A-44BF-4E8F-9EDD-1B837A15326E}.Debug|Any CPU.Build.0 = Debug|Any CPU
		{13DB7B2A-44BF-4E8F-9EDD-1B837A15326E}.Release|Any CPU.ActiveCfg = Release|Any CPU
		{13DB7B2A-44BF-4E8F-9EDD-1B837A15326E}.Release|Any CPU.Build.0 = Release|Any CPU
	EndGlobalSection
	GlobalSection(SolutionProperties) = preSolution
		HideSolutionNode = FALSE
	EndGlobalSection
	GlobalSection(NestedProjects) = preSolution
		{500D5358-9958-4B41-B347-DA8BF29CC416} = {B7D33061-9B6B-4ADA-BCF7-96719A2CB28A}
		{072BDBFB-CA5F-4ADB-9EC7-182BD3C0B141} = {9A7BB69D-DD2F-4007-B84C-4DA7FB7BFF94}
		{02EA681E-C7D8-13C7-8484-4AC65E1B71E8} = {6B94F892-3F9A-451C-82DD-245BAE3D3DD4}
		{9A7BB69D-DD2F-4007-B84C-4DA7FB7BFF94} = {02EA681E-C7D8-13C7-8484-4AC65E1B71E8}
		{975EDB0C-6768-48AD-809C-C069216AAC71} = {F685ABB1-08F3-4BAF-8104-6BE9181C84E0}
		{F5EC46E0-2D1F-454F-ACD9-664025486B73} = {F685ABB1-08F3-4BAF-8104-6BE9181C84E0}
		{524DAC0C-DCAA-4AC2-AA8E-1CCCB234FF23} = {F685ABB1-08F3-4BAF-8104-6BE9181C84E0}
		{6B94F892-3F9A-451C-82DD-245BAE3D3DD4} = {F685ABB1-08F3-4BAF-8104-6BE9181C84E0}
		{B7D33061-9B6B-4ADA-BCF7-96719A2CB28A} = {6B94F892-3F9A-451C-82DD-245BAE3D3DD4}
		{6976C3A9-D188-45AD-80E6-65F9155133C5} = {524DAC0C-DCAA-4AC2-AA8E-1CCCB234FF23}
		{D9F2154E-2559-4AEA-A07F-686D321011CC} = {F5EC46E0-2D1F-454F-ACD9-664025486B73}
		{E20FA430-E0FC-44E3-B090-1FE882A8D277} = {975EDB0C-6768-48AD-809C-C069216AAC71}
		{9BF566D2-63DC-4176-A452-9391D4F06400} = {83929CC3-8D3C-4702-B699-E2036CEB9E24}
		{CB69FF0E-CDFF-45BA-B1F9-FC7D218E7513} = {F5EC46E0-2D1F-454F-ACD9-664025486B73}
		{3B10144C-8866-4E6B-8705-BA2CE234020C} = {CB69FF0E-CDFF-45BA-B1F9-FC7D218E7513}
		{1D6F2348-B71B-43DC-A468-0781AD82AB2D} = {CB69FF0E-CDFF-45BA-B1F9-FC7D218E7513}
		{9504E429-5C40-41AC-8711-E55B350010E3} = {CB69FF0E-CDFF-45BA-B1F9-FC7D218E7513}
		{0494F8EE-95C5-4F90-9AB7-DBA18A158B24} = {F5EC46E0-2D1F-454F-ACD9-664025486B73}
		{44A40F05-CC25-4FD0-8B8E-44667FCA26EE} = {F5EC46E0-2D1F-454F-ACD9-664025486B73}
		{87BA1035-EF5C-45F3-9AF6-C7CA38E11BDD} = {F5EC46E0-2D1F-454F-ACD9-664025486B73}
		{F8FCDD3A-2B66-4904-AD46-A17DD8194171} = {F5EC46E0-2D1F-454F-ACD9-664025486B73}
		{395A746D-359A-4CF5-B849-CC0D8E69873F} = {975EDB0C-6768-48AD-809C-C069216AAC71}
		{6F9C817A-0036-4EBD-A381-C90398058B0C} = {395A746D-359A-4CF5-B849-CC0D8E69873F}
		{7036CC3F-BD96-440D-97B3-E20D0F4D03CF} = {395A746D-359A-4CF5-B849-CC0D8E69873F}
		{B5643E72-4190-4CBA-B28C-EFFB40E30FE9} = {6F9C817A-0036-4EBD-A381-C90398058B0C}
		{83929CC3-8D3C-4702-B699-E2036CEB9E24} = {6F9C817A-0036-4EBD-A381-C90398058B0C}
		{9600919A-3E84-4197-A6D9-48E4025A2A21} = {6F9C817A-0036-4EBD-A381-C90398058B0C}
		{622DAFEB-AE6E-49D7-BF25-A305D257FC29} = {395A746D-359A-4CF5-B849-CC0D8E69873F}
		{5B3B5123-460F-4E66-B7DA-308BACBA7C9A} = {395A746D-359A-4CF5-B849-CC0D8E69873F}
		{EAC1CA56-9B2E-49A7-AC16-531C12286058} = {395A746D-359A-4CF5-B849-CC0D8E69873F}
		{18B9385B-3EFA-4B05-A203-5D98A859BC5D} = {9A7BB69D-DD2F-4007-B84C-4DA7FB7BFF94}
		{1B33AC8C-5AEA-4314-9C8B-189FF53D3C70} = {622DAFEB-AE6E-49D7-BF25-A305D257FC29}
		{13DB7B2A-44BF-4E8F-9EDD-1B837A15326E} = {44A40F05-CC25-4FD0-8B8E-44667FCA26EE}
	EndGlobalSection
	GlobalSection(ExtensibilityGlobals) = postSolution
		SolutionGuid = {62D15E12-4C2B-4B25-BD2D-30B922D1D265}
	EndGlobalSection
EndGlobal
